
Microsoft Visual Studio Solution File, Format Version 12.00
# Visual Studio 14
VisualStudioVersion = 14.0.24720.0
MinimumVisualStudioVersion = 10.0.40219.1
Project("{FAE04EC0-301F-11D3-BF4B-00C04F79EFBC}") = "Auluxa.WebApp", "Auluxa.WebApp\Auluxa.WebApp.csproj", "{4DABABBB-DD5D-4D25-A153-8E2318A4F7EC}"
EndProject
Project("{FAE04EC0-301F-11D3-BF4B-00C04F79EFBC}") = "Auluxa.WebApp.Tests", "Auluxa.WebApp.Tests\Auluxa.WebApp.Tests.csproj", "{C214D4D0-4080-4A31-A37E-D9C816BDFD6A}"
EndProject
Global
	GlobalSection(SolutionConfigurationPlatforms) = preSolution
		Debug|Any CPU = Debug|Any CPU
		Release|Any CPU = Release|Any CPU
	EndGlobalSection
	GlobalSection(ProjectConfigurationPlatforms) = postSolution
		{4DABABBB-DD5D-4D25-A153-8E2318A4F7EC}.Debug|Any CPU.ActiveCfg = Debug|Any CPU
		{4DABABBB-DD5D-4D25-A153-8E2318A4F7EC}.Debug|Any CPU.Build.0 = Debug|Any CPU
		{4DABABBB-DD5D-4D25-A153-8E2318A4F7EC}.Release|Any CPU.ActiveCfg = Release|Any CPU
		{4DABABBB-DD5D-4D25-A153-8E2318A4F7EC}.Release|Any CPU.Build.0 = Release|Any CPU
		{C214D4D0-4080-4A31-A37E-D9C816BDFD6A}.Debug|Any CPU.ActiveCfg = Debug|Any CPU
		{C214D4D0-4080-4A31-A37E-D9C816BDFD6A}.Debug|Any CPU.Build.0 = Debug|Any CPU
		{C214D4D0-4080-4A31-A37E-D9C816BDFD6A}.Release|Any CPU.ActiveCfg = Release|Any CPU
		{C214D4D0-4080-4A31-A37E-D9C816BDFD6A}.Release|Any CPU.Build.0 = Release|Any CPU
	EndGlobalSection
	GlobalSection(SolutionProperties) = preSolution
		HideSolutionNode = FALSE
	EndGlobalSection
EndGlobal
